
Microsoft Visual Studio Solution File, Format Version 12.00
# Visual Studio Version 16
VisualStudioVersion = 16.0.31410.357
MinimumVisualStudioVersion = 10.0.40219.1
Project("{9A19103F-16F7-4668-BE54-9A1E7A4F7556}") = "VMP.Dashboard", "VMP.Dashboard.csproj", "{A3578C95-85F0-412D-996B-50FDAA882067}"
EndProject
Global
	GlobalSection(SolutionConfigurationPlatforms) = preSolution
		Debug|Any CPU = Debug|Any CPU
		Release|Any CPU = Release|Any CPU
	EndGlobalSection
	GlobalSection(ProjectConfigurationPlatforms) = postSolution
		{A3578C95-85F0-412D-996B-50FDAA882067}.Debug|Any CPU.ActiveCfg = Debug|Any CPU
		{A3578C95-85F0-412D-996B-50FDAA882067}.Debug|Any CPU.Build.0 = Debug|Any CPU
		{A3578C95-85F0-412D-996B-50FDAA882067}.Release|Any CPU.ActiveCfg = Release|Any CPU
		{A3578C95-85F0-412D-996B-50FDAA882067}.Release|Any CPU.Build.0 = Release|Any CPU
	EndGlobalSection
	GlobalSection(SolutionProperties) = preSolution
		HideSolutionNode = FALSE
	EndGlobalSection
	GlobalSection(ExtensibilityGlobals) = postSolution
		SolutionGuid = {648267AB-7456-4D2A-8BD9-4C5583115EDD}
	EndGlobalSection
EndGlobal
